<?xml version="1.0" encoding="utf-8"?>
<Project ToolsVersion="4.0" xmlns="http://schemas.microsoft.com/developer/msbuild/2003">
  <ItemGroup>
    <Filter Include="Source Files">
      <UniqueIdentifier>{8bae3567-62ed-4f96-808e-c630429fd856}</UniqueIdentifier>
      <Extensions>cpp;c;cxx;rc;def;r;odl;idl;hpj;bat</Extensions>
    </Filter>
    <Filter Include="Header Files">
      <UniqueIdentifier>{33158e48-a3ef-462a-94d9-7b51d7c07a93}</UniqueIdentifier>
      <Extensions>h;hpp;hxx;hm;inl</Extensions>
    </Filter>
    <Filter Include="Resource Files">
      <UniqueIdentifier>{e667863a-78ff-4595-8685-7471a3a1456a}</UniqueIdentifier>
      <Extensions>ico;cur;bmp;dlg;rc2;rct;bin;rgs;gif;jpg;jpeg;jpe</Extensions>
    </Filter>
  </ItemGroup>
  <ItemGroup>
    <ClCompile Include="..\Common\CppSQLite3.cpp">
      <Filter>Source Files</Filter>
    </ClCompile>
    <ClCompile Include="CppSQLite3DemoMT.cpp">
      <Filter>Source Files</Filter>
    </ClCompile>
  </ItemGroup>
  <ItemGroup>
    <ClInclude Include="..\Common\CppSQLite3.h">
      <Filter>Header Files</Filter>
    </ClInclude>
    <ClInclude Include="..\Common\sqlite3.h">
      <Filter>Header Files</Filter>
    </ClInclude>
  </ItemGroup>
</Project>